
Microsoft Visual Studio Solution File, Format Version 12.00
# Visual Studio Version 16
VisualStudioVersion = 16.0.30804.86
MinimumVisualStudioVersion = 10.0.40219.1
Project("{FAE04EC0-301F-11D3-BF4B-00C04F79EFBC}") = "EnvWinProjectQuizz.Android", "EnvWinProjectQuizz\EnvWinProjectQuizz.Android\EnvWinProjectQuizz.Android.csproj", "{289BAE04-23BA-4AEE-BA0C-3DE3FDFF488D}"
EndProject
Project("{FAE04EC0-301F-11D3-BF4B-00C04F79EFBC}") = "EnvWinProjectQuizz", "EnvWinProjectQuizz\EnvWinProjectQuizz\EnvWinProjectQuizz.csproj", "{A02D71BE-3072-479C-AC30-384AC6962D6F}"
EndProject
Global
	GlobalSection(SolutionConfigurationPlatforms) = preSolution
		Debug|Any CPU = Debug|Any CPU
		Release|Any CPU = Release|Any CPU
	EndGlobalSection
	GlobalSection(ProjectConfigurationPlatforms) = postSolution
		{289BAE04-23BA-4AEE-BA0C-3DE3FDFF488D}.Debug|Any CPU.ActiveCfg = Debug|Any CPU
		{289BAE04-23BA-4AEE-BA0C-3DE3FDFF488D}.Debug|Any CPU.Build.0 = Debug|Any CPU
		{289BAE04-23BA-4AEE-BA0C-3DE3FDFF488D}.Debug|Any CPU.Deploy.0 = Debug|Any CPU
		{289BAE04-23BA-4AEE-BA0C-3DE3FDFF488D}.Release|Any CPU.ActiveCfg = Release|Any CPU
		{289BAE04-23BA-4AEE-BA0C-3DE3FDFF488D}.Release|Any CPU.Build.0 = Release|Any CPU
		{289BAE04-23BA-4AEE-BA0C-3DE3FDFF488D}.Release|Any CPU.Deploy.0 = Release|Any CPU
		{A02D71BE-3072-479C-AC30-384AC6962D6F}.Debug|Any CPU.ActiveCfg = Debug|Any CPU
		{A02D71BE-3072-479C-AC30-384AC6962D6F}.Debug|Any CPU.Build.0 = Debug|Any CPU
		{A02D71BE-3072-479C-AC30-384AC6962D6F}.Debug|Any CPU.Deploy.0 = Debug|Any CPU
		{A02D71BE-3072-479C-AC30-384AC6962D6F}.Release|Any CPU.ActiveCfg = Release|Any CPU
		{A02D71BE-3072-479C-AC30-384AC6962D6F}.Release|Any CPU.Build.0 = Release|Any CPU
		{A02D71BE-3072-479C-AC30-384AC6962D6F}.Release|Any CPU.Deploy.0 = Release|Any CPU
	EndGlobalSection
	GlobalSection(SolutionProperties) = preSolution
		HideSolutionNode = FALSE
	EndGlobalSection
	GlobalSection(ExtensibilityGlobals) = postSolution
		SolutionGuid = {0C6922BC-2E9C-4D2F-8C0A-51AF7694BDE7}
	EndGlobalSection
EndGlobal
